
Microsoft Visual Studio Solution File, Format Version 12.00
# Visual Studio 15
VisualStudioVersion = 15.0.28010.0
MinimumVisualStudioVersion = 10.0.40219.1
Project("{9A19103F-16F7-4668-BE54-9A1E7A4F7556}") = "01. Contest454", "01. Contest454\01. Contest454.csproj", "{851679C1-27A3-49A3-AA42-41A35CC27823}"
EndProject
Project("{9A19103F-16F7-4668-BE54-9A1E7A4F7556}") = "02. Contest454", "02. Contest454\02. Contest454.csproj", "{E0DB5CCA-7140-48FA-9B3A-4D464F8FBA15}"
EndProject
Project("{9A19103F-16F7-4668-BE54-9A1E7A4F7556}") = "03. Contest454", "03. Contest454\03. Contest454.csproj", "{EFA9A2B9-EDCF-4BE3-B43A-EB515BD75DB9}"
EndProject
Project("{9A19103F-16F7-4668-BE54-9A1E7A4F7556}") = "04. Contest454", "04. Contest454\04. Contest454.csproj", "{1B9EDD77-AD6A-4420-8BD5-417600B9F951}"
EndProject
Project("{9A19103F-16F7-4668-BE54-9A1E7A4F7556}") = "01. Contests691", "01. Contests691\01. Contests691.csproj", "{6C4B9C29-6BF7-4A90-BD31-EBC13BD169CD}"
EndProject
Project("{9A19103F-16F7-4668-BE54-9A1E7A4F7556}") = "02. Contests691", "02. Contests691\02. Contests691.csproj", "{1B0EEA91-B063-400E-8869-48889E85B6C2}"
EndProject
Project("{9A19103F-16F7-4668-BE54-9A1E7A4F7556}") = "03. Contests692", "03. Contests692\03. Contests692.csproj", "{2AC37C78-8859-4F72-9E99-3D921F5ED2CD}"
EndProject
Project("{9A19103F-16F7-4668-BE54-9A1E7A4F7556}") = "04. Contests692", "04. Contests692\04. Contests692.csproj", "{8D67B979-2F7D-4CF5-80BD-08B7469EC32F}"
EndProject
Project("{9A19103F-16F7-4668-BE54-9A1E7A4F7556}") = "01. Contest906", "01. Contest906\01. Contest906.csproj", "{7AD83490-6BC9-4F1B-A5F1-FE56B019E534}"
EndProject
Project("{9A19103F-16F7-4668-BE54-9A1E7A4F7556}") = "02. Contest906", "02. Contest906\02. Contest906.csproj", "{0B3E6520-FE8B-4A44-A15E-2A7F9553903F}"
EndProject
Project("{9A19103F-16F7-4668-BE54-9A1E7A4F7556}") = "03. Contest912", "03. Contest912\03. Contest912.csproj", "{A5E2A031-2D6C-4480-A1DB-6D72E17C5130}"
EndProject
Project("{9A19103F-16F7-4668-BE54-9A1E7A4F7556}") = "04. Contest912", "04. Contest912\04. Contest912.csproj", "{B8A59AE0-9923-40B2-946B-64333E95FD2E}"
EndProject
Project("{9A19103F-16F7-4668-BE54-9A1E7A4F7556}") = "01. Contest834", "01. Contest834\01. Contest834.csproj", "{BB1F178E-4977-4BE9-AA24-FFD8A7511D88}"
EndProject
Project("{9A19103F-16F7-4668-BE54-9A1E7A4F7556}") = "02. Contest834", "02. Contest834\02. Contest834.csproj", "{C1C1E799-C54F-4A8A-B578-1B413348480A}"
EndProject
Project("{9A19103F-16F7-4668-BE54-9A1E7A4F7556}") = "03. Contest835", "03. AnonymousVox\03. Contest835.csproj", "{FE61BD5A-4D92-4DAD-9309-A69575DD85CD}"
EndProject
Project("{9A19103F-16F7-4668-BE54-9A1E7A4F7556}") = "04. Contest835", "04. Contest835\04. Contest835.csproj", "{AEA0FE29-C35F-48B6-A9FC-C0EB3781C780}"
EndProject
Project("{9A19103F-16F7-4668-BE54-9A1E7A4F7556}") = "01. Contest455", "01. Contest455\01. Contest455.csproj", "{50ACE01E-E2ED-4665-AB67-93EC67E9A086}"
EndProject
Project("{9A19103F-16F7-4668-BE54-9A1E7A4F7556}") = "02. Contest455", "02. Contest455\02. Contest455.csproj", "{D558F594-502C-44D3-9DAB-C1A36B7ABAA8}"
EndProject
Project("{FAE04EC0-301F-11D3-BF4B-00C04F79EFBC}") = "03. Contest455", "03. Contest455\03. Contest455.csproj", "{BD9BAD3C-C245-46C4-94DA-76BA1BB5AE8E}"
EndProject
Project("{FAE04EC0-301F-11D3-BF4B-00C04F79EFBC}") = "04. Contest455", "04. Contest455\04. Contest455.csproj", "{0F65F12F-AF89-4EF3-ABFE-023EAEDA4202}"
EndProject
Project("{FAE04EC0-301F-11D3-BF4B-00C04F79EFBC}") = "01. Contest453", "01. Contest453\01. Contest453.csproj", "{777E1E6F-A54F-4352-8C9B-3235854C6095}"
EndProject
Project("{FAE04EC0-301F-11D3-BF4B-00C04F79EFBC}") = "02. Contest453", "02. Contest453\02. Contest453.csproj", "{A6CF41F9-8CAB-4028-BF18-443ED41D9FA8}"
EndProject
Global
	GlobalSection(SolutionConfigurationPlatforms) = preSolution
		Debug|Any CPU = Debug|Any CPU
		Release|Any CPU = Release|Any CPU
	EndGlobalSection
	GlobalSection(ProjectConfigurationPlatforms) = postSolution
		{851679C1-27A3-49A3-AA42-41A35CC27823}.Debug|Any CPU.ActiveCfg = Debug|Any CPU
		{851679C1-27A3-49A3-AA42-41A35CC27823}.Debug|Any CPU.Build.0 = Debug|Any CPU
		{851679C1-27A3-49A3-AA42-41A35CC27823}.Release|Any CPU.ActiveCfg = Release|Any CPU
		{851679C1-27A3-49A3-AA42-41A35CC27823}.Release|Any CPU.Build.0 = Release|Any CPU
		{E0DB5CCA-7140-48FA-9B3A-4D464F8FBA15}.Debug|Any CPU.ActiveCfg = Debug|Any CPU
		{E0DB5CCA-7140-48FA-9B3A-4D464F8FBA15}.Debug|Any CPU.Build.0 = Debug|Any CPU
		{E0DB5CCA-7140-48FA-9B3A-4D464F8FBA15}.Release|Any CPU.ActiveCfg = Release|Any CPU
		{E0DB5CCA-7140-48FA-9B3A-4D464F8FBA15}.Release|Any CPU.Build.0 = Release|Any CPU
		{EFA9A2B9-EDCF-4BE3-B43A-EB515BD75DB9}.Debug|Any CPU.ActiveCfg = Debug|Any CPU
		{EFA9A2B9-EDCF-4BE3-B43A-EB515BD75DB9}.Debug|Any CPU.Build.0 = Debug|Any CPU
		{EFA9A2B9-EDCF-4BE3-B43A-EB515BD75DB9}.Release|Any CPU.ActiveCfg = Release|Any CPU
		{EFA9A2B9-EDCF-4BE3-B43A-EB515BD75DB9}.Release|Any CPU.Build.0 = Release|Any CPU
		{1B9EDD77-AD6A-4420-8BD5-417600B9F951}.Debug|Any CPU.ActiveCfg = Debug|Any CPU
		{1B9EDD77-AD6A-4420-8BD5-417600B9F951}.Debug|Any CPU.Build.0 = Debug|Any CPU
		{1B9EDD77-AD6A-4420-8BD5-417600B9F951}.Release|Any CPU.ActiveCfg = Release|Any CPU
		{1B9EDD77-AD6A-4420-8BD5-417600B9F951}.Release|Any CPU.Build.0 = Release|Any CPU
		{6C4B9C29-6BF7-4A90-BD31-EBC13BD169CD}.Debug|Any CPU.ActiveCfg = Debug|Any CPU
		{6C4B9C29-6BF7-4A90-BD31-EBC13BD169CD}.Debug|Any CPU.Build.0 = Debug|Any CPU
		{6C4B9C29-6BF7-4A90-BD31-EBC13BD169CD}.Release|Any CPU.ActiveCfg = Release|Any CPU
		{6C4B9C29-6BF7-4A90-BD31-EBC13BD169CD}.Release|Any CPU.Build.0 = Release|Any CPU
		{1B0EEA91-B063-400E-8869-48889E85B6C2}.Debug|Any CPU.ActiveCfg = Debug|Any CPU
		{1B0EEA91-B063-400E-8869-48889E85B6C2}.Debug|Any CPU.Build.0 = Debug|Any CPU
		{1B0EEA91-B063-400E-8869-48889E85B6C2}.Release|Any CPU.ActiveCfg = Release|Any CPU
		{1B0EEA91-B063-400E-8869-48889E85B6C2}.Release|Any CPU.Build.0 = Release|Any CPU
		{2AC37C78-8859-4F72-9E99-3D921F5ED2CD}.Debug|Any CPU.ActiveCfg = Debug|Any CPU
		{2AC37C78-8859-4F72-9E99-3D921F5ED2CD}.Debug|Any CPU.Build.0 = Debug|Any CPU
		{2AC37C78-8859-4F72-9E99-3D921F5ED2CD}.Release|Any CPU.ActiveCfg = Release|Any CPU
		{2AC37C78-8859-4F72-9E99-3D921F5ED2CD}.Release|Any CPU.Build.0 = Release|Any CPU
		{8D67B979-2F7D-4CF5-80BD-08B7469EC32F}.Debug|Any CPU.ActiveCfg = Debug|Any CPU
		{8D67B979-2F7D-4CF5-80BD-08B7469EC32F}.Debug|Any CPU.Build.0 = Debug|Any CPU
		{8D67B979-2F7D-4CF5-80BD-08B7469EC32F}.Release|Any CPU.ActiveCfg = Release|Any CPU
		{8D67B979-2F7D-4CF5-80BD-08B7469EC32F}.Release|Any CPU.Build.0 = Release|Any CPU
		{7AD83490-6BC9-4F1B-A5F1-FE56B019E534}.Debug|Any CPU.ActiveCfg = Debug|Any CPU
		{7AD83490-6BC9-4F1B-A5F1-FE56B019E534}.Debug|Any CPU.Build.0 = Debug|Any CPU
		{7AD83490-6BC9-4F1B-A5F1-FE56B019E534}.Release|Any CPU.ActiveCfg = Release|Any CPU
		{7AD83490-6BC9-4F1B-A5F1-FE56B019E534}.Release|Any CPU.Build.0 = Release|Any CPU
		{0B3E6520-FE8B-4A44-A15E-2A7F9553903F}.Debug|Any CPU.ActiveCfg = Debug|Any CPU
		{0B3E6520-FE8B-4A44-A15E-2A7F9553903F}.Debug|Any CPU.Build.0 = Debug|Any CPU
		{0B3E6520-FE8B-4A44-A15E-2A7F9553903F}.Release|Any CPU.ActiveCfg = Release|Any CPU
		{0B3E6520-FE8B-4A44-A15E-2A7F9553903F}.Release|Any CPU.Build.0 = Release|Any CPU
		{A5E2A031-2D6C-4480-A1DB-6D72E17C5130}.Debug|Any CPU.ActiveCfg = Debug|Any CPU
		{A5E2A031-2D6C-4480-A1DB-6D72E17C5130}.Debug|Any CPU.Build.0 = Debug|Any CPU
		{A5E2A031-2D6C-4480-A1DB-6D72E17C5130}.Release|Any CPU.ActiveCfg = Release|Any CPU
		{A5E2A031-2D6C-4480-A1DB-6D72E17C5130}.Release|Any CPU.Build.0 = Release|Any CPU
		{B8A59AE0-9923-40B2-946B-64333E95FD2E}.Debug|Any CPU.ActiveCfg = Debug|Any CPU
		{B8A59AE0-9923-40B2-946B-64333E95FD2E}.Debug|Any CPU.Build.0 = Debug|Any CPU
		{B8A59AE0-9923-40B2-946B-64333E95FD2E}.Release|Any CPU.ActiveCfg = Release|Any CPU
		{B8A59AE0-9923-40B2-946B-64333E95FD2E}.Release|Any CPU.Build.0 = Release|Any CPU
		{BB1F178E-4977-4BE9-AA24-FFD8A7511D88}.Debug|Any CPU.ActiveCfg = Debug|Any CPU
		{BB1F178E-4977-4BE9-AA24-FFD8A7511D88}.Debug|Any CPU.Build.0 = Debug|Any CPU
		{BB1F178E-4977-4BE9-AA24-FFD8A7511D88}.Release|Any CPU.ActiveCfg = Release|Any CPU
		{BB1F178E-4977-4BE9-AA24-FFD8A7511D88}.Release|Any CPU.Build.0 = Release|Any CPU
		{C1C1E799-C54F-4A8A-B578-1B413348480A}.Debug|Any CPU.ActiveCfg = Debug|Any CPU
		{C1C1E799-C54F-4A8A-B578-1B413348480A}.Debug|Any CPU.Build.0 = Debug|Any CPU
		{C1C1E799-C54F-4A8A-B578-1B413348480A}.Release|Any CPU.ActiveCfg = Release|Any CPU
		{C1C1E799-C54F-4A8A-B578-1B413348480A}.Release|Any CPU.Build.0 = Release|Any CPU
		{FE61BD5A-4D92-4DAD-9309-A69575DD85CD}.Debug|Any CPU.ActiveCfg = Debug|Any CPU
		{FE61BD5A-4D92-4DAD-9309-A69575DD85CD}.Debug|Any CPU.Build.0 = Debug|Any CPU
		{FE61BD5A-4D92-4DAD-9309-A69575DD85CD}.Release|Any CPU.ActiveCfg = Release|Any CPU
		{FE61BD5A-4D92-4DAD-9309-A69575DD85CD}.Release|Any CPU.Build.0 = Release|Any CPU
		{AEA0FE29-C35F-48B6-A9FC-C0EB3781C780}.Debug|Any CPU.ActiveCfg = Debug|Any CPU
		{AEA0FE29-C35F-48B6-A9FC-C0EB3781C780}.Debug|Any CPU.Build.0 = Debug|Any CPU
		{AEA0FE29-C35F-48B6-A9FC-C0EB3781C780}.Release|Any CPU.ActiveCfg = Release|Any CPU
		{AEA0FE29-C35F-48B6-A9FC-C0EB3781C780}.Release|Any CPU.Build.0 = Release|Any CPU
		{50ACE01E-E2ED-4665-AB67-93EC67E9A086}.Debug|Any CPU.ActiveCfg = Debug|Any CPU
		{50ACE01E-E2ED-4665-AB67-93EC67E9A086}.Debug|Any CPU.Build.0 = Debug|Any CPU
		{50ACE01E-E2ED-4665-AB67-93EC67E9A086}.Release|Any CPU.ActiveCfg = Release|Any CPU
		{50ACE01E-E2ED-4665-AB67-93EC67E9A086}.Release|Any CPU.Build.0 = Release|Any CPU
		{D558F594-502C-44D3-9DAB-C1A36B7ABAA8}.Debug|Any CPU.ActiveCfg = Debug|Any CPU
		{D558F594-502C-44D3-9DAB-C1A36B7ABAA8}.Debug|Any CPU.Build.0 = Debug|Any CPU
		{D558F594-502C-44D3-9DAB-C1A36B7ABAA8}.Release|Any CPU.ActiveCfg = Release|Any CPU
		{D558F594-502C-44D3-9DAB-C1A36B7ABAA8}.Release|Any CPU.Build.0 = Release|Any CPU
		{BD9BAD3C-C245-46C4-94DA-76BA1BB5AE8E}.Debug|Any CPU.ActiveCfg = Debug|Any CPU
		{BD9BAD3C-C245-46C4-94DA-76BA1BB5AE8E}.Debug|Any CPU.Build.0 = Debug|Any CPU
		{BD9BAD3C-C245-46C4-94DA-76BA1BB5AE8E}.Release|Any CPU.ActiveCfg = Release|Any CPU
		{BD9BAD3C-C245-46C4-94DA-76BA1BB5AE8E}.Release|Any CPU.Build.0 = Release|Any CPU
		{0F65F12F-AF89-4EF3-ABFE-023EAEDA4202}.Debug|Any CPU.ActiveCfg = Debug|Any CPU
		{0F65F12F-AF89-4EF3-ABFE-023EAEDA4202}.Debug|Any CPU.Build.0 = Debug|Any CPU
		{0F65F12F-AF89-4EF3-ABFE-023EAEDA4202}.Release|Any CPU.ActiveCfg = Release|Any CPU
		{0F65F12F-AF89-4EF3-ABFE-023EAEDA4202}.Release|Any CPU.Build.0 = Release|Any CPU
		{777E1E6F-A54F-4352-8C9B-3235854C6095}.Debug|Any CPU.ActiveCfg = Debug|Any CPU
		{777E1E6F-A54F-4352-8C9B-3235854C6095}.Debug|Any CPU.Build.0 = Debug|Any CPU
		{777E1E6F-A54F-4352-8C9B-3235854C6095}.Release|Any CPU.ActiveCfg = Release|Any CPU
		{777E1E6F-A54F-4352-8C9B-3235854C6095}.Release|Any CPU.Build.0 = Release|Any CPU
		{A6CF41F9-8CAB-4028-BF18-443ED41D9FA8}.Debug|Any CPU.ActiveCfg = Debug|Any CPU
		{A6CF41F9-8CAB-4028-BF18-443ED41D9FA8}.Debug|Any CPU.Build.0 = Debug|Any CPU
		{A6CF41F9-8CAB-4028-BF18-443ED41D9FA8}.Release|Any CPU.ActiveCfg = Release|Any CPU
		{A6CF41F9-8CAB-4028-BF18-443ED41D9FA8}.Release|Any CPU.Build.0 = Release|Any CPU
	EndGlobalSection
	GlobalSection(SolutionProperties) = preSolution
		HideSolutionNode = FALSE
	EndGlobalSection
	GlobalSection(ExtensibilityGlobals) = postSolution
		SolutionGuid = {AC843C16-141E-4DF4-B925-C1D2BE7949B9}
	EndGlobalSection
EndGlobal
