
Microsoft Visual Studio Solution File, Format Version 12.00
# Visual Studio 14
VisualStudioVersion = 14.0.24720.0
MinimumVisualStudioVersion = 10.0.40219.1
Project("{FAE04EC0-301F-11D3-BF4B-00C04F79EFBC}") = "01. Square Frame", "01. Square Frame\01. Square Frame.csproj", "{872633C2-94D3-4E68-AB07-80FBF47584AC}"
EndProject
Project("{FAE04EC0-301F-11D3-BF4B-00C04F79EFBC}") = "02.Rhombus", "02.Rhombus\02.Rhombus.csproj", "{333C3293-E8A2-43AD-8988-ADC91A89B906}"
EndProject
Project("{FAE04EC0-301F-11D3-BF4B-00C04F79EFBC}") = "03. Christmas Tree", "03. Christmas Tree\03. Christmas Tree.csproj", "{7FE49DBF-5F6F-4418-896E-029A50664995}"
EndProject
Project("{FAE04EC0-301F-11D3-BF4B-00C04F79EFBC}") = "04.Sunglasses", "04.Sunglasses\04.Sunglasses.csproj", "{04C6B6B3-CC31-4E83-8FD0-3BDCAD56EC43}"
EndProject
Project("{FAE04EC0-301F-11D3-BF4B-00C04F79EFBC}") = "05.House", "05.House\05.House.csproj", "{E95466E6-1BD4-4B31-BCB8-695D19185CCB}"
EndProject
Project("{FAE04EC0-301F-11D3-BF4B-00C04F79EFBC}") = "06.Diamond", "06.Diamond\06.Diamond.csproj", "{1B9D8DDD-0701-4CFF-9EDD-70233EC8B115}"
EndProject
Project("{FAE04EC0-301F-11D3-BF4B-00C04F79EFBC}") = "07.EvenPowersOf2", "07.Powers of Two\07.EvenPowersOf2.csproj", "{488CD33B-B90B-4CAF-AEC4-5216039291D3}"
EndProject
Project("{FAE04EC0-301F-11D3-BF4B-00C04F79EFBC}") = "08.Numbers N...1", "08.Numbers N...1\08.Numbers N...1.csproj", "{024351A5-AE14-4B2C-835C-0A4FB1625641}"
EndProject
Project("{FAE04EC0-301F-11D3-BF4B-00C04F79EFBC}") = "09. Powers of Two", "09. Powers of Two\09. Powers of Two.csproj", "{BC5B8094-9F59-42F0-AE02-84CF74C001B6}"
EndProject
Project("{FAE04EC0-301F-11D3-BF4B-00C04F79EFBC}") = "10. Sequence 2k+1", "10. Sequence 2k+1\10. Sequence 2k+1.csproj", "{B9579BAF-A47D-43F5-9416-777FCAF6FFFA}"
EndProject
Project("{FAE04EC0-301F-11D3-BF4B-00C04F79EFBC}") = "11.Range1to100", "11.Range1to100\11.Range1to100.csproj", "{14116232-81A1-4DAA-AC64-336C90E01A8C}"
EndProject
Project("{FAE04EC0-301F-11D3-BF4B-00C04F79EFBC}") = "12.GreatestDevisor", "12.GreatestDevisor\12.GreatestDevisor.csproj", "{A2903F5A-7358-4087-9D8A-3600A1A8D101}"
EndProject
Project("{FAE04EC0-301F-11D3-BF4B-00C04F79EFBC}") = "13. Factorial", "13. Factorial\13. Factorial.csproj", "{B9222885-6692-4D43-B347-37A1B9513E8E}"
EndProject
Project("{FAE04EC0-301F-11D3-BF4B-00C04F79EFBC}") = "14. FactorialFor", "14. FactorialFor\14. FactorialFor.csproj", "{1CAB0EF3-2455-4B8F-9930-8BEFA9A30E05}"
EndProject
Project("{FAE04EC0-301F-11D3-BF4B-00C04F79EFBC}") = "15. Sum Digits", "15. Sum Digits\15. Sum Digits.csproj", "{52E13EC4-9EBA-4937-8C54-F337A3DED820}"
EndProject
Project("{FAE04EC0-301F-11D3-BF4B-00C04F79EFBC}") = "16.SumDigitsWithText", "16.SumDigitsWithText\16.SumDigitsWithText.csproj", "{829DC223-CA21-4796-B9DF-876BCD17BAA1}"
EndProject
Project("{FAE04EC0-301F-11D3-BF4B-00C04F79EFBC}") = "17.PrimeNumber", "17.PrimeNumber\17.PrimeNumber.csproj", "{C41AA0B7-B079-4F14-BDD4-F850ECFEA0D0}"
EndProject
Project("{FAE04EC0-301F-11D3-BF4B-00C04F79EFBC}") = "18. EnterEvenNumber", "18. EnterEvenNumber\18. EnterEvenNumber.csproj", "{7ADDEB55-9303-4DBA-AE14-142083B1E2AB}"
EndProject
Project("{FAE04EC0-301F-11D3-BF4B-00C04F79EFBC}") = "19. Fibonacci", "19. Fibonacci\19. Fibonacci.csproj", "{DC6E5489-4D08-41FF-98C5-04B1EF8A5760}"
EndProject
Project("{FAE04EC0-301F-11D3-BF4B-00C04F79EFBC}") = "20. NumberPyramid", "20. NumberPyramid\20. NumberPyramid.csproj", "{FF033586-F960-47C6-93BA-E045B7C789BA}"
EndProject
Project("{FAE04EC0-301F-11D3-BF4B-00C04F79EFBC}") = "21. Number Table", "21. Number Table\21. Number Table.csproj", "{AF0AA385-D441-4D38-A683-C8E70247CDFB}"
EndProject
Project("{FAE04EC0-301F-11D3-BF4B-00C04F79EFBC}") = "22. SimpleMethod", "22. SimpleMethod\22. SimpleMethod.csproj", "{F78E1BE1-E6A5-4F28-8B9B-956DD0B01061}"
EndProject
Project("{FAE04EC0-301F-11D3-BF4B-00C04F79EFBC}") = "23. SortedArrWithoutSORT", "23. SortedArrWithoutSORT\23. SortedArrWithoutSORT.csproj", "{CCBA9A4C-5B52-43CD-9024-63DE878CA70E}"
EndProject
Project("{FAE04EC0-301F-11D3-BF4B-00C04F79EFBC}") = "24. CartesianSystem", "24. CartesianSystem\24. CartesianSystem.csproj", "{DB55254F-1649-468C-885B-5FE3887B9F0A}"
EndProject
Project("{FAE04EC0-301F-11D3-BF4B-00C04F79EFBC}") = "25. ForestRoad", "25. ForestRoad\25. ForestRoad.csproj", "{7E454955-A361-41D8-8AB0-66D37C86551C}"
EndProject
Project("{FAE04EC0-301F-11D3-BF4B-00C04F79EFBC}") = "26. Fir Tree", "26. Fir Tree\26. Fir Tree.csproj", "{B4B368CD-3475-4154-986A-B5ED766FA604}"
EndProject
Project("{FAE04EC0-301F-11D3-BF4B-00C04F79EFBC}") = "27. SandGlass", "27. SandGlass\27. SandGlass.csproj", "{B44B4866-B424-4597-BC35-DB98958DC2C0}"
EndProject
Project("{FAE04EC0-301F-11D3-BF4B-00C04F79EFBC}") = "28. Carpets", "28. Carpets\28. Carpets.csproj", "{94C2BD9C-BE0F-4B2A-82B8-EEEB48990297}"
EndProject
Project("{FAE04EC0-301F-11D3-BF4B-00C04F79EFBC}") = "29. TerelikLogo", "29. TerelikLogo\29. TerelikLogo.csproj", "{13C7652E-BE26-41FF-8C17-F7609F5AE766}"
EndProject
Project("{FAE04EC0-301F-11D3-BF4B-00C04F79EFBC}") = "30. SpiralOfNumbers", "30. SpiralOfNumbers\30. SpiralOfNumbers.csproj", "{F7CA29F9-6A5F-47DB-888C-AA428C65C2DB}"
EndProject
Global
	GlobalSection(SolutionConfigurationPlatforms) = preSolution
		Debug|Any CPU = Debug|Any CPU
		Release|Any CPU = Release|Any CPU
	EndGlobalSection
	GlobalSection(ProjectConfigurationPlatforms) = postSolution
		{872633C2-94D3-4E68-AB07-80FBF47584AC}.Debug|Any CPU.ActiveCfg = Debug|Any CPU
		{872633C2-94D3-4E68-AB07-80FBF47584AC}.Debug|Any CPU.Build.0 = Debug|Any CPU
		{872633C2-94D3-4E68-AB07-80FBF47584AC}.Release|Any CPU.ActiveCfg = Release|Any CPU
		{872633C2-94D3-4E68-AB07-80FBF47584AC}.Release|Any CPU.Build.0 = Release|Any CPU
		{333C3293-E8A2-43AD-8988-ADC91A89B906}.Debug|Any CPU.ActiveCfg = Debug|Any CPU
		{333C3293-E8A2-43AD-8988-ADC91A89B906}.Debug|Any CPU.Build.0 = Debug|Any CPU
		{333C3293-E8A2-43AD-8988-ADC91A89B906}.Release|Any CPU.ActiveCfg = Release|Any CPU
		{333C3293-E8A2-43AD-8988-ADC91A89B906}.Release|Any CPU.Build.0 = Release|Any CPU
		{7FE49DBF-5F6F-4418-896E-029A50664995}.Debug|Any CPU.ActiveCfg = Debug|Any CPU
		{7FE49DBF-5F6F-4418-896E-029A50664995}.Debug|Any CPU.Build.0 = Debug|Any CPU
		{7FE49DBF-5F6F-4418-896E-029A50664995}.Release|Any CPU.ActiveCfg = Release|Any CPU
		{7FE49DBF-5F6F-4418-896E-029A50664995}.Release|Any CPU.Build.0 = Release|Any CPU
		{04C6B6B3-CC31-4E83-8FD0-3BDCAD56EC43}.Debug|Any CPU.ActiveCfg = Debug|Any CPU
		{04C6B6B3-CC31-4E83-8FD0-3BDCAD56EC43}.Debug|Any CPU.Build.0 = Debug|Any CPU
		{04C6B6B3-CC31-4E83-8FD0-3BDCAD56EC43}.Release|Any CPU.ActiveCfg = Release|Any CPU
		{04C6B6B3-CC31-4E83-8FD0-3BDCAD56EC43}.Release|Any CPU.Build.0 = Release|Any CPU
		{E95466E6-1BD4-4B31-BCB8-695D19185CCB}.Debug|Any CPU.ActiveCfg = Debug|Any CPU
		{E95466E6-1BD4-4B31-BCB8-695D19185CCB}.Debug|Any CPU.Build.0 = Debug|Any CPU
		{E95466E6-1BD4-4B31-BCB8-695D19185CCB}.Release|Any CPU.ActiveCfg = Release|Any CPU
		{E95466E6-1BD4-4B31-BCB8-695D19185CCB}.Release|Any CPU.Build.0 = Release|Any CPU
		{1B9D8DDD-0701-4CFF-9EDD-70233EC8B115}.Debug|Any CPU.ActiveCfg = Debug|Any CPU
		{1B9D8DDD-0701-4CFF-9EDD-70233EC8B115}.Debug|Any CPU.Build.0 = Debug|Any CPU
		{1B9D8DDD-0701-4CFF-9EDD-70233EC8B115}.Release|Any CPU.ActiveCfg = Release|Any CPU
		{1B9D8DDD-0701-4CFF-9EDD-70233EC8B115}.Release|Any CPU.Build.0 = Release|Any CPU
		{488CD33B-B90B-4CAF-AEC4-5216039291D3}.Debug|Any CPU.ActiveCfg = Debug|Any CPU
		{488CD33B-B90B-4CAF-AEC4-5216039291D3}.Debug|Any CPU.Build.0 = Debug|Any CPU
		{488CD33B-B90B-4CAF-AEC4-5216039291D3}.Release|Any CPU.ActiveCfg = Release|Any CPU
		{488CD33B-B90B-4CAF-AEC4-5216039291D3}.Release|Any CPU.Build.0 = Release|Any CPU
		{024351A5-AE14-4B2C-835C-0A4FB1625641}.Debug|Any CPU.ActiveCfg = Debug|Any CPU
		{024351A5-AE14-4B2C-835C-0A4FB1625641}.Debug|Any CPU.Build.0 = Debug|Any CPU
		{024351A5-AE14-4B2C-835C-0A4FB1625641}.Release|Any CPU.ActiveCfg = Release|Any CPU
		{024351A5-AE14-4B2C-835C-0A4FB1625641}.Release|Any CPU.Build.0 = Release|Any CPU
		{BC5B8094-9F59-42F0-AE02-84CF74C001B6}.Debug|Any CPU.ActiveCfg = Debug|Any CPU
		{BC5B8094-9F59-42F0-AE02-84CF74C001B6}.Debug|Any CPU.Build.0 = Debug|Any CPU
		{BC5B8094-9F59-42F0-AE02-84CF74C001B6}.Release|Any CPU.ActiveCfg = Release|Any CPU
		{BC5B8094-9F59-42F0-AE02-84CF74C001B6}.Release|Any CPU.Build.0 = Release|Any CPU
		{B9579BAF-A47D-43F5-9416-777FCAF6FFFA}.Debug|Any CPU.ActiveCfg = Debug|Any CPU
		{B9579BAF-A47D-43F5-9416-777FCAF6FFFA}.Debug|Any CPU.Build.0 = Debug|Any CPU
		{B9579BAF-A47D-43F5-9416-777FCAF6FFFA}.Release|Any CPU.ActiveCfg = Release|Any CPU
		{B9579BAF-A47D-43F5-9416-777FCAF6FFFA}.Release|Any CPU.Build.0 = Release|Any CPU
		{14116232-81A1-4DAA-AC64-336C90E01A8C}.Debug|Any CPU.ActiveCfg = Debug|Any CPU
		{14116232-81A1-4DAA-AC64-336C90E01A8C}.Debug|Any CPU.Build.0 = Debug|Any CPU
		{14116232-81A1-4DAA-AC64-336C90E01A8C}.Release|Any CPU.ActiveCfg = Release|Any CPU
		{14116232-81A1-4DAA-AC64-336C90E01A8C}.Release|Any CPU.Build.0 = Release|Any CPU
		{A2903F5A-7358-4087-9D8A-3600A1A8D101}.Debug|Any CPU.ActiveCfg = Debug|Any CPU
		{A2903F5A-7358-4087-9D8A-3600A1A8D101}.Debug|Any CPU.Build.0 = Debug|Any CPU
		{A2903F5A-7358-4087-9D8A-3600A1A8D101}.Release|Any CPU.ActiveCfg = Release|Any CPU
		{A2903F5A-7358-4087-9D8A-3600A1A8D101}.Release|Any CPU.Build.0 = Release|Any CPU
		{B9222885-6692-4D43-B347-37A1B9513E8E}.Debug|Any CPU.ActiveCfg = Debug|Any CPU
		{B9222885-6692-4D43-B347-37A1B9513E8E}.Debug|Any CPU.Build.0 = Debug|Any CPU
		{B9222885-6692-4D43-B347-37A1B9513E8E}.Release|Any CPU.ActiveCfg = Release|Any CPU
		{B9222885-6692-4D43-B347-37A1B9513E8E}.Release|Any CPU.Build.0 = Release|Any CPU
		{1CAB0EF3-2455-4B8F-9930-8BEFA9A30E05}.Debug|Any CPU.ActiveCfg = Debug|Any CPU
		{1CAB0EF3-2455-4B8F-9930-8BEFA9A30E05}.Debug|Any CPU.Build.0 = Debug|Any CPU
		{1CAB0EF3-2455-4B8F-9930-8BEFA9A30E05}.Release|Any CPU.ActiveCfg = Release|Any CPU
		{1CAB0EF3-2455-4B8F-9930-8BEFA9A30E05}.Release|Any CPU.Build.0 = Release|Any CPU
		{52E13EC4-9EBA-4937-8C54-F337A3DED820}.Debug|Any CPU.ActiveCfg = Debug|Any CPU
		{52E13EC4-9EBA-4937-8C54-F337A3DED820}.Debug|Any CPU.Build.0 = Debug|Any CPU
		{52E13EC4-9EBA-4937-8C54-F337A3DED820}.Release|Any CPU.ActiveCfg = Release|Any CPU
		{52E13EC4-9EBA-4937-8C54-F337A3DED820}.Release|Any CPU.Build.0 = Release|Any CPU
		{829DC223-CA21-4796-B9DF-876BCD17BAA1}.Debug|Any CPU.ActiveCfg = Debug|Any CPU
		{829DC223-CA21-4796-B9DF-876BCD17BAA1}.Debug|Any CPU.Build.0 = Debug|Any CPU
		{829DC223-CA21-4796-B9DF-876BCD17BAA1}.Release|Any CPU.ActiveCfg = Release|Any CPU
		{829DC223-CA21-4796-B9DF-876BCD17BAA1}.Release|Any CPU.Build.0 = Release|Any CPU
		{C41AA0B7-B079-4F14-BDD4-F850ECFEA0D0}.Debug|Any CPU.ActiveCfg = Debug|Any CPU
		{C41AA0B7-B079-4F14-BDD4-F850ECFEA0D0}.Debug|Any CPU.Build.0 = Debug|Any CPU
		{C41AA0B7-B079-4F14-BDD4-F850ECFEA0D0}.Release|Any CPU.ActiveCfg = Release|Any CPU
		{C41AA0B7-B079-4F14-BDD4-F850ECFEA0D0}.Release|Any CPU.Build.0 = Release|Any CPU
		{7ADDEB55-9303-4DBA-AE14-142083B1E2AB}.Debug|Any CPU.ActiveCfg = Debug|Any CPU
		{7ADDEB55-9303-4DBA-AE14-142083B1E2AB}.Debug|Any CPU.Build.0 = Debug|Any CPU
		{7ADDEB55-9303-4DBA-AE14-142083B1E2AB}.Release|Any CPU.ActiveCfg = Release|Any CPU
		{7ADDEB55-9303-4DBA-AE14-142083B1E2AB}.Release|Any CPU.Build.0 = Release|Any CPU
		{DC6E5489-4D08-41FF-98C5-04B1EF8A5760}.Debug|Any CPU.ActiveCfg = Debug|Any CPU
		{DC6E5489-4D08-41FF-98C5-04B1EF8A5760}.Debug|Any CPU.Build.0 = Debug|Any CPU
		{DC6E5489-4D08-41FF-98C5-04B1EF8A5760}.Release|Any CPU.ActiveCfg = Release|Any CPU
		{DC6E5489-4D08-41FF-98C5-04B1EF8A5760}.Release|Any CPU.Build.0 = Release|Any CPU
		{FF033586-F960-47C6-93BA-E045B7C789BA}.Debug|Any CPU.ActiveCfg = Debug|Any CPU
		{FF033586-F960-47C6-93BA-E045B7C789BA}.Debug|Any CPU.Build.0 = Debug|Any CPU
		{FF033586-F960-47C6-93BA-E045B7C789BA}.Release|Any CPU.ActiveCfg = Release|Any CPU
		{FF033586-F960-47C6-93BA-E045B7C789BA}.Release|Any CPU.Build.0 = Release|Any CPU
		{AF0AA385-D441-4D38-A683-C8E70247CDFB}.Debug|Any CPU.ActiveCfg = Debug|Any CPU
		{AF0AA385-D441-4D38-A683-C8E70247CDFB}.Debug|Any CPU.Build.0 = Debug|Any CPU
		{AF0AA385-D441-4D38-A683-C8E70247CDFB}.Release|Any CPU.ActiveCfg = Release|Any CPU
		{AF0AA385-D441-4D38-A683-C8E70247CDFB}.Release|Any CPU.Build.0 = Release|Any CPU
		{F78E1BE1-E6A5-4F28-8B9B-956DD0B01061}.Debug|Any CPU.ActiveCfg = Debug|Any CPU
		{F78E1BE1-E6A5-4F28-8B9B-956DD0B01061}.Debug|Any CPU.Build.0 = Debug|Any CPU
		{F78E1BE1-E6A5-4F28-8B9B-956DD0B01061}.Release|Any CPU.ActiveCfg = Release|Any CPU
		{F78E1BE1-E6A5-4F28-8B9B-956DD0B01061}.Release|Any CPU.Build.0 = Release|Any CPU
		{CCBA9A4C-5B52-43CD-9024-63DE878CA70E}.Debug|Any CPU.ActiveCfg = Debug|Any CPU
		{CCBA9A4C-5B52-43CD-9024-63DE878CA70E}.Debug|Any CPU.Build.0 = Debug|Any CPU
		{CCBA9A4C-5B52-43CD-9024-63DE878CA70E}.Release|Any CPU.ActiveCfg = Release|Any CPU
		{CCBA9A4C-5B52-43CD-9024-63DE878CA70E}.Release|Any CPU.Build.0 = Release|Any CPU
		{DB55254F-1649-468C-885B-5FE3887B9F0A}.Debug|Any CPU.ActiveCfg = Debug|Any CPU
		{DB55254F-1649-468C-885B-5FE3887B9F0A}.Debug|Any CPU.Build.0 = Debug|Any CPU
		{DB55254F-1649-468C-885B-5FE3887B9F0A}.Release|Any CPU.ActiveCfg = Release|Any CPU
		{DB55254F-1649-468C-885B-5FE3887B9F0A}.Release|Any CPU.Build.0 = Release|Any CPU
		{7E454955-A361-41D8-8AB0-66D37C86551C}.Debug|Any CPU.ActiveCfg = Debug|Any CPU
		{7E454955-A361-41D8-8AB0-66D37C86551C}.Debug|Any CPU.Build.0 = Debug|Any CPU
		{7E454955-A361-41D8-8AB0-66D37C86551C}.Release|Any CPU.ActiveCfg = Release|Any CPU
		{7E454955-A361-41D8-8AB0-66D37C86551C}.Release|Any CPU.Build.0 = Release|Any CPU
		{B4B368CD-3475-4154-986A-B5ED766FA604}.Debug|Any CPU.ActiveCfg = Debug|Any CPU
		{B4B368CD-3475-4154-986A-B5ED766FA604}.Debug|Any CPU.Build.0 = Debug|Any CPU
		{B4B368CD-3475-4154-986A-B5ED766FA604}.Release|Any CPU.ActiveCfg = Release|Any CPU
		{B4B368CD-3475-4154-986A-B5ED766FA604}.Release|Any CPU.Build.0 = Release|Any CPU
		{B44B4866-B424-4597-BC35-DB98958DC2C0}.Debug|Any CPU.ActiveCfg = Debug|Any CPU
		{B44B4866-B424-4597-BC35-DB98958DC2C0}.Debug|Any CPU.Build.0 = Debug|Any CPU
		{B44B4866-B424-4597-BC35-DB98958DC2C0}.Release|Any CPU.ActiveCfg = Release|Any CPU
		{B44B4866-B424-4597-BC35-DB98958DC2C0}.Release|Any CPU.Build.0 = Release|Any CPU
		{94C2BD9C-BE0F-4B2A-82B8-EEEB48990297}.Debug|Any CPU.ActiveCfg = Debug|Any CPU
		{94C2BD9C-BE0F-4B2A-82B8-EEEB48990297}.Debug|Any CPU.Build.0 = Debug|Any CPU
		{94C2BD9C-BE0F-4B2A-82B8-EEEB48990297}.Release|Any CPU.ActiveCfg = Release|Any CPU
		{94C2BD9C-BE0F-4B2A-82B8-EEEB48990297}.Release|Any CPU.Build.0 = Release|Any CPU
		{13C7652E-BE26-41FF-8C17-F7609F5AE766}.Debug|Any CPU.ActiveCfg = Debug|Any CPU
		{13C7652E-BE26-41FF-8C17-F7609F5AE766}.Debug|Any CPU.Build.0 = Debug|Any CPU
		{13C7652E-BE26-41FF-8C17-F7609F5AE766}.Release|Any CPU.ActiveCfg = Release|Any CPU
		{13C7652E-BE26-41FF-8C17-F7609F5AE766}.Release|Any CPU.Build.0 = Release|Any CPU
		{F7CA29F9-6A5F-47DB-888C-AA428C65C2DB}.Debug|Any CPU.ActiveCfg = Debug|Any CPU
		{F7CA29F9-6A5F-47DB-888C-AA428C65C2DB}.Debug|Any CPU.Build.0 = Debug|Any CPU
		{F7CA29F9-6A5F-47DB-888C-AA428C65C2DB}.Release|Any CPU.ActiveCfg = Release|Any CPU
		{F7CA29F9-6A5F-47DB-888C-AA428C65C2DB}.Release|Any CPU.Build.0 = Release|Any CPU
	EndGlobalSection
	GlobalSection(SolutionProperties) = preSolution
		HideSolutionNode = FALSE
	EndGlobalSection
EndGlobal
